// !$*UTF8*$!
{
	archiveVersion = 1;
	classes = {
	};
	objectVersion = 77;
	objects = {

/* Begin PBXBuildFile section */
		0B36C4CDF1341E50F2CE3000 /* WaveformBarsView.swift in Sources */ = {isa = PBXBuildFile; fileRef = 2C78BF86C11F0B72BFC50BF1 /* WaveformBarsView.swift */; };
		2EC80EF6F80FCE398F4C8742 /* HistoryView.swift in Sources */ = {isa = PBXBuildFile; fileRef = B322A4298459ED10C45C8D4C /* HistoryView.swift */; };
		342D830896A8017CF143BD23 /* VoxprintWatchApp.swift in Sources */ = {isa = PBXBuildFile; fileRef = 51065D99E70625435B7F5473 /* VoxprintWatchApp.swift */; };
		3A11A40C98741FF5E0AF31FD /* Assets.xcassets in Resources */ = {isa = PBXBuildFile; fileRef = 120D454CB70D6CC0495C0BA0 /* Assets.xcassets */; };
		66751B23391F2924C0D83529 /* RecordView.swift in Sources */ = {isa = PBXBuildFile; fileRef = DC2C2BD92A93D8AD090D6509 /* RecordView.swift */; };
		757CFE4C652E9AA72DD44F95 /* ContentView.swift in Sources */ = {isa = PBXBuildFile; fileRef = 6A48A033BDCED34DC6F32299 /* ContentView.swift */; };
		9A1261E24A456C2F82DF415E /* RecordingStore.swift in Sources */ = {isa = PBXBuildFile; fileRef = 4486E5D8E30EA30D22C12808 /* RecordingStore.swift */; };
		B936A3D3D71506880EB94A1D /* RecordingEntry.swift in Sources */ = {isa = PBXBuildFile; fileRef = 1CCE99C01562E071D15F296B /* RecordingEntry.swift */; };
/* End PBXBuildFile section */

/* Begin PBXFileReference section */
		120D454CB70D6CC0495C0BA0 /* Assets.xcassets */ = {isa = PBXFileReference; lastKnownFileType = folder.assetcatalog; path = Assets.xcassets; sourceTree = "<group>"; };
		1CCE99C01562E071D15F296B /* RecordingEntry.swift */ = {isa = PBXFileReference; lastKnownFileType = sourcecode.swift; path = RecordingEntry.swift; sourceTree = "<group>"; };
		2C78BF86C11F0B72BFC50BF1 /* WaveformBarsView.swift */ = {isa = PBXFileReference; lastKnownFileType = sourcecode.swift; path = WaveformBarsView.swift; sourceTree = "<group>"; };
		4486E5D8E30EA30D22C12808 /* RecordingStore.swift */ = {isa = PBXFileReference; lastKnownFileType = sourcecode.swift; path = RecordingStore.swift; sourceTree = "<group>"; };
		51065D99E70625435B7F5473 /* VoxprintWatchApp.swift */ = {isa = PBXFileReference; lastKnownFileType = sourcecode.swift; path = VoxprintWatchApp.swift; sourceTree = "<group>"; };
		6A48A033BDCED34DC6F32299 /* ContentView.swift */ = {isa = PBXFileReference; lastKnownFileType = sourcecode.swift; path = ContentView.swift; sourceTree = "<group>"; };
		B322A4298459ED10C45C8D4C /* HistoryView.swift */ = {isa = PBXFileReference; lastKnownFileType = sourcecode.swift; path = HistoryView.swift; sourceTree = "<group>"; };
		B3556EB6DD204C0F88D003F1 /* VoxprintWatch.app */ = {isa = PBXFileReference; explicitFileType = wrapper.application; includeInIndex = 0; path = VoxprintWatch.app; sourceTree = BUILT_PRODUCTS_DIR; };
		DC2C2BD92A93D8AD090D6509 /* RecordView.swift */ = {isa = PBXFileReference; lastKnownFileType = sourcecode.swift; path = RecordView.swift; sourceTree = "<group>"; };
/* End PBXFileReference section */

/* Begin PBXGroup section */
		00EF6B396F3C5A57E788B594 /* Views */ = {
			isa = PBXGroup;
			children = (
				B322A4298459ED10C45C8D4C /* HistoryView.swift */,
				DC2C2BD92A93D8AD090D6509 /* RecordView.swift */,
				2C78BF86C11F0B72BFC50BF1 /* WaveformBarsView.swift */,
			);
			path = Views;
			sourceTree = "<group>";
		};
		08D90B563A68797619BB1A17 = {
			isa = PBXGroup;
			children = (
				80818F2E99790A9333F25756 /* Models */,
				00EF6B396F3C5A57E788B594 /* Views */,
				B0A4492F67699E679FBC2067 /* watchos */,
				D6D86474A75D794BDF5435D0 /* Products */,
			);
			sourceTree = "<group>";
		};
		80818F2E99790A9333F25756 /* Models */ = {
			isa = PBXGroup;
			children = (
				1CCE99C01562E071D15F296B /* RecordingEntry.swift */,
				4486E5D8E30EA30D22C12808 /* RecordingStore.swift */,
			);
			path = Models;
			sourceTree = "<group>";
		};
		B0A4492F67699E679FBC2067 /* watchos */ = {
			isa = PBXGroup;
			children = (
				120D454CB70D6CC0495C0BA0 /* Assets.xcassets */,
				6A48A033BDCED34DC6F32299 /* ContentView.swift */,
				51065D99E70625435B7F5473 /* VoxprintWatchApp.swift */,
				80818F2E99790A9333F25756 /* Models */,
				00EF6B396F3C5A57E788B594 /* Views */,
			);
			name = watchos;
			path = .;
			sourceTree = "<group>";
		};
		D6D86474A75D794BDF5435D0 /* Products */ = {
			isa = PBXGroup;
			children = (
				B3556EB6DD204C0F88D003F1 /* VoxprintWatch.app */,
			);
			name = Products;
			sourceTree = "<group>";
		};
/* End PBXGroup section */

/* Begin PBXNativeTarget section */
		8E4BA53130EA7E3DA041704A /* VoxprintWatch */ = {
			isa = PBXNativeTarget;
			buildConfigurationList = FECDBA6243B0C8373C5BACE9 /* Build configuration list for PBXNativeTarget "VoxprintWatch" */;
			buildPhases = (
				2373226F6997D79502512837 /* Sources */,
				52CEBEF029D81C614BBDBE66 /* Resources */,
			);
			buildRules = (
			);
			dependencies = (
			);
			name = VoxprintWatch;
			packageProductDependencies = (
			);
			productName = VoxprintWatch;
			productReference = B3556EB6DD204C0F88D003F1 /* VoxprintWatch.app */;
			productType = "com.apple.product-type.application";
		};
/* End PBXNativeTarget section */

/* Begin PBXProject section */
		A2DA779B564DA32084BA9EAB /* Project object */ = {
			isa = PBXProject;
			attributes = {
				BuildIndependentTargetsInParallel = YES;
				LastUpgradeCheck = 1430;
				TargetAttributes = {
					8E4BA53130EA7E3DA041704A = {
						DevelopmentTeam = QMM486NPYC;
						ProvisioningStyle = Automatic;
					};
				};
			};
			buildConfigurationList = 635CB30CA25B6EE8A4C02E55 /* Build configuration list for PBXProject "VoxprintWatch" */;
			developmentRegion = en;
			hasScannedForEncodings = 0;
			knownRegions = (
				Base,
				en,
			);
			mainGroup = 08D90B563A68797619BB1A17;
			minimizedProjectReferenceProxies = 1;
			preferredProjectObjectVersion = 77;
			productRefGroup = D6D86474A75D794BDF5435D0 /* Products */;
			projectDirPath = "";
			projectRoot = "";
			targets = (
				8E4BA53130EA7E3DA041704A /* VoxprintWatch */,
			);
		};
/* End PBXProject section */

/* Begin PBXResourcesBuildPhase section */
		52CEBEF029D81C614BBDBE66 /* Resources */ = {
			isa = PBXResourcesBuildPhase;
			buildActionMask = 2147483647;
			files = (
				3A11A40C98741FF5E0AF31FD /* Assets.xcassets in Resources */,
			);
			runOnlyForDeploymentPostprocessing = 0;
		};
/* End PBXResourcesBuildPhase section */

/* Begin PBXSourcesBuildPhase section */
		2373226F6997D79502512837 /* Sources */ = {
			isa = PBXSourcesBuildPhase;
			buildActionMask = 2147483647;
			files = (
				757CFE4C652E9AA72DD44F95 /* ContentView.swift in Sources */,
				2EC80EF6F80FCE398F4C8742 /* HistoryView.swift in Sources */,
				66751B23391F2924C0D83529 /* RecordView.swift in Sources */,
				B936A3D3D71506880EB94A1D /* RecordingEntry.swift in Sources */,
				9A1261E24A456C2F82DF415E /* RecordingStore.swift in Sources */,
				342D830896A8017CF143BD23 /* VoxprintWatchApp.swift in Sources */,
				0B36C4CDF1341E50F2CE3000 /* WaveformBarsView.swift in Sources */,
			);
			runOnlyForDeploymentPostprocessing = 0;
		};
/* End PBXSourcesBuildPhase section */

/* Begin XCBuildConfiguration section */
		630DCC7C69B9CAB5B76D3785 /* Debug */ = {
			isa = XCBuildConfiguration;
			buildSettings = {
				ALWAYS_SEARCH_USER_PATHS = NO;
				CLANG_ANALYZER_NONNULL = YES;
				CLANG_ANALYZER_NUMBER_OBJECT_CONVERSION = YES_AGGRESSIVE;
				CLANG_CXX_LANGUAGE_STANDARD = "gnu++14";
				CLANG_CXX_LIBRARY = "libc++";
				CLANG_ENABLE_MODULES = YES;
				CLANG_ENABLE_OBJC_ARC = YES;
				CLANG_ENABLE_OBJC_WEAK = YES;
				CLANG_WARN_BLOCK_CAPTURE_AUTORELEASING = YES;
				CLANG_WARN_BOOL_CONVERSION = YES;
				CLANG_WARN_COMMA = YES;
				CLANG_WARN_CONSTANT_CONVERSION = YES;
				CLANG_WARN_DEPRECATED_OBJC_IMPLEMENTATIONS = YES;
				CLANG_WARN_DIRECT_OBJC_ISA_USAGE = YES_ERROR;
				CLANG_WARN_DOCUMENTATION_COMMENTS = YES;
				CLANG_WARN_EMPTY_BODY = YES;
				CLANG_WARN_ENUM_CONVERSION = YES;
				CLANG_WARN_INFINITE_RECURSION = YES;
				CLANG_WARN_INT_CONVERSION = YES;
				CLANG_WARN_NON_LITERAL_NULL_CONVERSION = YES;
				CLANG_WARN_OBJC_IMPLICIT_RETAIN_SELF = YES;
				CLANG_WARN_OBJC_LITERAL_CONVERSION = YES;
				CLANG_WARN_OBJC_ROOT_CLASS = YES_ERROR;
				CLANG_WARN_QUOTED_INCLUDE_IN_FRAMEWORK_HEADER = YES;
				CLANG_WARN_RANGE_LOOP_ANALYSIS = YES;
				CLANG_WARN_STRICT_PROTOTYPES = YES;
				CLANG_WARN_SUSPICIOUS_MOVE = YES;
				CLANG_WARN_UNGUARDED_AVAILABILITY = YES_AGGRESSIVE;
				CLANG_WARN_UNREACHABLE_CODE = YES;
				CLANG_WARN__DUPLICATE_METHOD_MATCH = YES;
				CODE_SIGN_STYLE = Automatic;
				COPY_PHASE_STRIP = NO;
				CURRENT_PROJECT_VERSION = 1;
				DEBUG_INFORMATION_FORMAT = dwarf;
				DEVELOPMENT_TEAM = QMM486NPYC;
				ENABLE_STRICT_OBJC_MSGSEND = YES;
				ENABLE_TESTABILITY = YES;
				GCC_C_LANGUAGE_STANDARD = gnu11;
				GCC_DYNAMIC_NO_PIC = NO;
				GCC_NO_COMMON_BLOCKS = YES;
				GCC_OPTIMIZATION_LEVEL = 0;
				GCC_PREPROCESSOR_DEFINITIONS = (
					"$(inherited)",
					"DEBUG=1",
				);
				GCC_WARN_64_TO_32_BIT_CONVERSION = YES;
				GCC_WARN_ABOUT_RETURN_TYPE = YES_ERROR;
				GCC_WARN_UNDECLARED_SELECTOR = YES;
				GCC_WARN_UNINITIALIZED_AUTOS = YES_AGGRESSIVE;
				GCC_WARN_UNUSED_FUNCTION = YES;
				GCC_WARN_UNUSED_VARIABLE = YES;
				MARKETING_VERSION = 1.0.0;
				MTL_ENABLE_DEBUG_INFO = INCLUDE_SOURCE;
				MTL_FAST_MATH = YES;
				ONLY_ACTIVE_ARCH = YES;
				PRODUCT_NAME = "$(TARGET_NAME)";
				SDKROOT = watchos;
				SWIFT_ACTIVE_COMPILATION_CONDITIONS = DEBUG;
				SWIFT_OPTIMIZATION_LEVEL = "-Onone";
				SWIFT_VERSION = 6.0;
				WATCHOS_DEPLOYMENT_TARGET = 10.0;
			};
			name = Debug;
		};
		BB5FF106B9613D2B216BF66E /* Release */ = {
			isa = XCBuildConfiguration;
			buildSettings = {
				ASSETCATALOG_COMPILER_APPICON_NAME = AppIcon;
				GENERATE_INFOPLIST_FILE = YES;
				INFOPLIST_FILE = "";
				INFOPLIST_KEY_NSMicrophoneUsageDescription = "Voxprint records audio locally on your watch. Your audio never leaves your device.";
				INFOPLIST_KEY_WKWatchOnly = YES;
				PRODUCT_BUNDLE_IDENTIFIER = com.nulljosh.echo.watchos;
				PRODUCT_NAME = Voxprint;
				SDKROOT = watchos;
				SKIP_INSTALL = YES;
				TARGETED_DEVICE_FAMILY = 4;
			};
			name = Release;
		};
		C0A82B5FD390B6CA9EE15250 /* Debug */ = {
			isa = XCBuildConfiguration;
			buildSettings = {
				ASSETCATALOG_COMPILER_APPICON_NAME = AppIcon;
				GENERATE_INFOPLIST_FILE = YES;
				INFOPLIST_FILE = "";
				INFOPLIST_KEY_NSMicrophoneUsageDescription = "Voxprint records audio locally on your watch. Your audio never leaves your device.";
				INFOPLIST_KEY_WKWatchOnly = YES;
				PRODUCT_BUNDLE_IDENTIFIER = com.nulljosh.echo.watchos;
				PRODUCT_NAME = Voxprint;
				SDKROOT = watchos;
				SKIP_INSTALL = YES;
				TARGETED_DEVICE_FAMILY = 4;
			};
			name = Debug;
		};
		EF9E88A1F82DE936F7ED563E /* Release */ = {
			isa = XCBuildConfiguration;
			buildSettings = {
				ALWAYS_SEARCH_USER_PATHS = NO;
				CLANG_ANALYZER_NONNULL = YES;
				CLANG_ANALYZER_NUMBER_OBJECT_CONVERSION = YES_AGGRESSIVE;
				CLANG_CXX_LANGUAGE_STANDARD = "gnu++14";
				CLANG_CXX_LIBRARY = "libc++";
				CLANG_ENABLE_MODULES = YES;
				CLANG_ENABLE_OBJC_ARC = YES;
				CLANG_ENABLE_OBJC_WEAK = YES;
				CLANG_WARN_BLOCK_CAPTURE_AUTORELEASING = YES;
				CLANG_WARN_BOOL_CONVERSION = YES;
				CLANG_WARN_COMMA = YES;
				CLANG_WARN_CONSTANT_CONVERSION = YES;
				CLANG_WARN_DEPRECATED_OBJC_IMPLEMENTATIONS = YES;
				CLANG_WARN_DIRECT_OBJC_ISA_USAGE = YES_ERROR;
				CLANG_WARN_DOCUMENTATION_COMMENTS = YES;
				CLANG_WARN_EMPTY_BODY = YES;
				CLANG_WARN_ENUM_CONVERSION = YES;
				CLANG_WARN_INFINITE_RECURSION = YES;
				CLANG_WARN_INT_CONVERSION = YES;
				CLANG_WARN_NON_LITERAL_NULL_CONVERSION = YES;
				CLANG_WARN_OBJC_IMPLICIT_RETAIN_SELF = YES;
				CLANG_WARN_OBJC_LITERAL_CONVERSION = YES;
				CLANG_WARN_OBJC_ROOT_CLASS = YES_ERROR;
				CLANG_WARN_QUOTED_INCLUDE_IN_FRAMEWORK_HEADER = YES;
				CLANG_WARN_RANGE_LOOP_ANALYSIS = YES;
				CLANG_WARN_STRICT_PROTOTYPES = YES;
				CLANG_WARN_SUSPICIOUS_MOVE = YES;
				CLANG_WARN_UNGUARDED_AVAILABILITY = YES_AGGRESSIVE;
				CLANG_WARN_UNREACHABLE_CODE = YES;
				CLANG_WARN__DUPLICATE_METHOD_MATCH = YES;
				CODE_SIGN_STYLE = Automatic;
				COPY_PHASE_STRIP = NO;
				CURRENT_PROJECT_VERSION = 1;
				DEBUG_INFORMATION_FORMAT = "dwarf-with-dsym";
				DEVELOPMENT_TEAM = QMM486NPYC;
				ENABLE_NS_ASSERTIONS = NO;
				ENABLE_STRICT_OBJC_MSGSEND = YES;
				GCC_C_LANGUAGE_STANDARD = gnu11;
				GCC_NO_COMMON_BLOCKS = YES;
				GCC_WARN_64_TO_32_BIT_CONVERSION = YES;
				GCC_WARN_ABOUT_RETURN_TYPE = YES_ERROR;
				GCC_WARN_UNDECLARED_SELECTOR = YES;
				GCC_WARN_UNINITIALIZED_AUTOS = YES_AGGRESSIVE;
				GCC_WARN_UNUSED_FUNCTION = YES;
				GCC_WARN_UNUSED_VARIABLE = YES;
				MARKETING_VERSION = 1.0.0;
				MTL_ENABLE_DEBUG_INFO = NO;
				MTL_FAST_MATH = YES;
				PRODUCT_NAME = "$(TARGET_NAME)";
				SDKROOT = watchos;
				SWIFT_COMPILATION_MODE = wholemodule;
				SWIFT_OPTIMIZATION_LEVEL = "-O";
				SWIFT_VERSION = 6.0;
				WATCHOS_DEPLOYMENT_TARGET = 10.0;
			};
			name = Release;
		};
/* End XCBuildConfiguration section */

/* Begin XCConfigurationList section */
		635CB30CA25B6EE8A4C02E55 /* Build configuration list for PBXProject "VoxprintWatch" */ = {
			isa = XCConfigurationList;
			buildConfigurations = (
				630DCC7C69B9CAB5B76D3785 /* Debug */,
				EF9E88A1F82DE936F7ED563E /* Release */,
			);
			defaultConfigurationIsVisible = 0;
			defaultConfigurationName = Debug;
		};
		FECDBA6243B0C8373C5BACE9 /* Build configuration list for PBXNativeTarget "VoxprintWatch" */ = {
			isa = XCConfigurationList;
			buildConfigurations = (
				C0A82B5FD390B6CA9EE15250 /* Debug */,
				BB5FF106B9613D2B216BF66E /* Release */,
			);
			defaultConfigurationIsVisible = 0;
			defaultConfigurationName = Debug;
		};
/* End XCConfigurationList section */
	};
	rootObject = A2DA779B564DA32084BA9EAB /* Project object */;
}
